// !$*UTF8*$!
{
	archiveVersion = 1;
	classes = {
	};
	objectVersion = 46;
	objects = {

/* Begin PBXBuildFile section */
		24061EB11BEABCD600F5C153 /* DetailViewController.swift in Sources */ = {isa = PBXBuildFile; fileRef = 24061EB01BEABCD600F5C153 /* DetailViewController.swift */; };
		24E83D8C1BE286C3003303B3 /* AppDelegate.swift in Sources */ = {isa = PBXBuildFile; fileRef = 24E83D8B1BE286C3003303B3 /* AppDelegate.swift */; };
		24E83D8E1BE286C3003303B3 /* ViewController.swift in Sources */ = {isa = PBXBuildFile; fileRef = 24E83D8D1BE286C3003303B3 /* ViewController.swift */; };
		24E83D911BE286C3003303B3 /* Main.storyboard in Resources */ = {isa = PBXBuildFile; fileRef = 24E83D8F1BE286C3003303B3 /* Main.storyboard */; };
		24E83D931BE286C3003303B3 /* Assets.xcassets in Resources */ = {isa = PBXBuildFile; fileRef = 24E83D921BE286C3003303B3 /* Assets.xcassets */; };
		24E83D961BE286C3003303B3 /* LaunchScreen.storyboard in Resources */ = {isa = PBXBuildFile; fileRef = 24E83D941BE286C3003303B3 /* LaunchScreen.storyboard */; };
		24E83D9E1BE28863003303B3 /* NetworkController.swift in Sources */ = {isa = PBXBuildFile; fileRef = 24E83D9D1BE28863003303B3 /* NetworkController.swift */; };
		24E83DA01BE28B38003303B3 /* Movie.swift in Sources */ = {isa = PBXBuildFile; fileRef = 24E83D9F1BE28B38003303B3 /* Movie.swift */; };
/* End PBXBuildFile section */

/* Begin PBXFileReference section */
		24061EB01BEABCD600F5C153 /* DetailViewController.swift */ = {isa = PBXFileReference; fileEncoding = 4; lastKnownFileType = sourcecode.swift; path = DetailViewController.swift; sourceTree = "<group>"; };
		24E83D881BE286C3003303B3 /* SwiftMovieSearch.app */ = {isa = PBXFileReference; explicitFileType = wrapper.application; includeInIndex = 0; path = SwiftMovieSearch.app; sourceTree = BUILT_PRODUCTS_DIR; };
		24E83D8B1BE286C3003303B3 /* AppDelegate.swift */ = {isa = PBXFileReference; lastKnownFileType = sourcecode.swift; path = AppDelegate.swift; sourceTree = "<group>"; };
		24E83D8D1BE286C3003303B3 /* ViewController.swift */ = {isa = PBXFileReference; lastKnownFileType = sourcecode.swift; path = ViewController.swift; sourceTree = "<group>"; };
		24E83D901BE286C3003303B3 /* Base */ = {isa = PBXFileReference; lastKnownFileType = file.storyboard; name = Base; path = Base.lproj/Main.storyboard; sourceTree = "<group>"; };
		24E83D921BE286C3003303B3 /* Assets.xcassets */ = {isa = PBXFileReference; lastKnownFileType = folder.assetcatalog; path = Assets.xcassets; sourceTree = "<group>"; };
		24E83D951BE286C3003303B3 /* Base */ = {isa = PBXFileReference; lastKnownFileType = file.storyboard; name = Base; path = Base.lproj/LaunchScreen.storyboard; sourceTree = "<group>"; };
		24E83D971BE286C3003303B3 /* Info.plist */ = {isa = PBXFileReference; lastKnownFileType = text.plist.xml; path = Info.plist; sourceTree = "<group>"; };
		24E83D9D1BE28863003303B3 /* NetworkController.swift */ = {isa = PBXFileReference; fileEncoding = 4; lastKnownFileType = sourcecode.swift; path = NetworkController.swift; sourceTree = "<group>"; };
		24E83D9F1BE28B38003303B3 /* Movie.swift */ = {isa = PBXFileReference; fileEncoding = 4; lastKnownFileType = sourcecode.swift; path = Movie.swift; sourceTree = "<group>"; };
/* End PBXFileReference section */

/* Begin PBXFrameworksBuildPhase section */
		24E83D851BE286C3003303B3 /* Frameworks */ = {
			isa = PBXFrameworksBuildPhase;
			buildActionMask = 2147483647;
			files = (
			);
			runOnlyForDeploymentPostprocessing = 0;
		};
/* End PBXFrameworksBuildPhase section */

/* Begin PBXGroup section */
		24E83D7F1BE286C3003303B3 = {
			isa = PBXGroup;
			children = (
				24E83D8A1BE286C3003303B3 /* SwiftMovieSearch */,
				24E83D891BE286C3003303B3 /* Products */,
			);
			sourceTree = "<group>";
		};
		24E83D891BE286C3003303B3 /* Products */ = {
			isa = PBXGroup;
			children = (
				24E83D881BE286C3003303B3 /* SwiftMovieSearch.app */,
			);
			name = Products;
			sourceTree = "<group>";
		};
		24E83D8A1BE286C3003303B3 /* SwiftMovieSearch */ = {
			isa = PBXGroup;
			children = (
				24E83D8B1BE286C3003303B3 /* AppDelegate.swift */,
				24E83D8D1BE286C3003303B3 /* ViewController.swift */,
				24061EB01BEABCD600F5C153 /* DetailViewController.swift */,
				24E83D9D1BE28863003303B3 /* NetworkController.swift */,
				24E83D9F1BE28B38003303B3 /* Movie.swift */,
				24E83D8F1BE286C3003303B3 /* Main.storyboard */,
				24E83D921BE286C3003303B3 /* Assets.xcassets */,
				24E83D941BE286C3003303B3 /* LaunchScreen.storyboard */,
				24E83D971BE286C3003303B3 /* Info.plist */,
			);
			path = SwiftMovieSearch;
			sourceTree = "<group>";
		};
/* End PBXGroup section */

/* Begin PBXNativeTarget section */
		24E83D871BE286C3003303B3 /* SwiftMovieSearch */ = {
			isa = PBXNativeTarget;
			buildConfigurationList = 24E83D9A1BE286C3003303B3 /* Build configuration list for PBXNativeTarget "SwiftMovieSearch" */;
			buildPhases = (
				24E83D841BE286C3003303B3 /* Sources */,
				24E83D851BE286C3003303B3 /* Frameworks */,
				24E83D861BE286C3003303B3 /* Resources */,
			);
			buildRules = (
			);
			dependencies = (
			);
			name = SwiftMovieSearch;
			productName = SwiftMovieSearch;
			productReference = 24E83D881BE286C3003303B3 /* SwiftMovieSearch.app */;
			productType = "com.apple.product-type.application";
		};
/* End PBXNativeTarget section */

/* Begin PBXProject section */
		24E83D801BE286C3003303B3 /* Project object */ = {
			isa = PBXProject;
			attributes = {
				LastSwiftUpdateCheck = 0710;
				LastUpgradeCheck = 0710;
				ORGANIZATIONNAME = "Skyler Tanner";
				TargetAttributes = {
					24E83D871BE286C3003303B3 = {
						CreatedOnToolsVersion = 7.1;
					};
				};
			};
			buildConfigurationList = 24E83D831BE286C3003303B3 /* Build configuration list for PBXProject "SwiftMovieSearch" */;
			compatibilityVersion = "Xcode 3.2";
			developmentRegion = English;
			hasScannedForEncodings = 0;
			knownRegions = (
				en,
				Base,
			);
			mainGroup = 24E83D7F1BE286C3003303B3;
			productRefGroup = 24E83D891BE286C3003303B3 /* Products */;
			projectDirPath = "";
			projectRoot = "";
			targets = (
				24E83D871BE286C3003303B3 /* SwiftMovieSearch */,
			);
		};
/* End PBXProject section */

/* Begin PBXResourcesBuildPhase section */
		24E83D861BE286C3003303B3 /* Resources */ = {
			isa = PBXResourcesBuildPhase;
			buildActionMask = 2147483647;
			files = (
				24E83D961BE286C3003303B3 /* LaunchScreen.storyboard in Resources */,
				24E83D931BE286C3003303B3 /* Assets.xcassets in Resources */,
				24E83D911BE286C3003303B3 /* Main.storyboard in Resources */,
			);
			runOnlyForDeploymentPostprocessing = 0;
		};
/* End PBXResourcesBuildPhase section */

/* Begin PBXSourcesBuildPhase section */
		24E83D841BE286C3003303B3 /* Sources */ = {
			isa = PBXSourcesBuildPhase;
			buildActionMask = 2147483647;
			files = (
				24E83D8E1BE286C3003303B3 /* ViewController.swift in Sources */,
				24E83D8C1BE286C3003303B3 /* AppDelegate.swift in Sources */,
				24061EB11BEABCD600F5C153 /* DetailViewController.swift in Sources */,
				24E83DA01BE28B38003303B3 /* Movie.swift in Sources */,
				24E83D9E1BE28863003303B3 /* NetworkController.swift in Sources */,
			);
			runOnlyForDeploymentPostprocessing = 0;
		};
/* End PBXSourcesBuildPhase section */

/* Begin PBXVariantGroup section */
		24E83D8F1BE286C3003303B3 /* Main.storyboard */ = {
			isa = PBXVariantGroup;
			children = (
				24E83D901BE286C3003303B3 /* Base */,
			);
			name = Main.storyboard;
			sourceTree = "<group>";
		};
		24E83D941BE286C3003303B3 /* LaunchScreen.storyboard */ = {
			isa = PBXVariantGroup;
			children = (
				24E83D951BE286C3003303B3 /* Base */,
			);
			name = LaunchScreen.storyboard;
			sourceTree = "<group>";
		};
/* End PBXVariantGroup section */

/* Begin XCBuildConfiguration section */
		24E83D981BE286C3003303B3 /* Debug */ = {
			isa = XCBuildConfiguration;
			buildSettings = {
				ALWAYS_SEARCH_USER_PATHS = NO;
				CLANG_CXX_LANGUAGE_STANDARD = "gnu++0x";
				CLANG_CXX_LIBRARY = "libc++";
				CLANG_ENABLE_MODULES = YES;
				CLANG_ENABLE_OBJC_ARC = YES;
				CLANG_WARN_BOOL_CONVERSION = YES;
				CLANG_WARN_CONSTANT_CONVERSION = YES;
				CLANG_WARN_DIRECT_OBJC_ISA_USAGE = YES_ERROR;
				CLANG_WARN_EMPTY_BODY = YES;
				CLANG_WARN_ENUM_CONVERSION = YES;
				CLANG_WARN_INT_CONVERSION = YES;
				CLANG_WARN_OBJC_ROOT_CLASS = YES_ERROR;
				CLANG_WARN_UNREACHABLE_CODE = YES;
				CLANG_WARN__DUPLICATE_METHOD_MATCH = YES;
				"CODE_SIGN_IDENTITY[sdk=iphoneos*]" = "iPhone Developer";
				COPY_PHASE_STRIP = NO;
				DEBUG_INFORMATION_FORMAT = dwarf;
				ENABLE_STRICT_OBJC_MSGSEND = YES;
				ENABLE_TESTABILITY = YES;
				GCC_C_LANGUAGE_STANDARD = gnu99;
				GCC_DYNAMIC_NO_PIC = NO;
				GCC_NO_COMMON_BLOCKS = YES;
				GCC_OPTIMIZATION_LEVEL = 0;
				GCC_PREPROCESSOR_DEFINITIONS = (
					"DEBUG=1",
					"$(inherited)",
				);
				GCC_WARN_64_TO_32_BIT_CONVERSION = YES;
				GCC_WARN_ABOUT_RETURN_TYPE = YES_ERROR;
				GCC_WARN_UNDECLARED_SELECTOR = YES;
				GCC_WARN_UNINITIALIZED_AUTOS = YES_AGGRESSIVE;
				GCC_WARN_UNUSED_FUNCTION = YES;
				GCC_WARN_UNUSED_VARIABLE = YES;
				IPHONEOS_DEPLOYMENT_TARGET = 9.1;
				MTL_ENABLE_DEBUG_INFO = YES;
				ONLY_ACTIVE_ARCH = YES;
				SDKROOT = iphoneos;
				SWIFT_OPTIMIZATION_LEVEL = "-Onone";
				TARGETED_DEVICE_FAMILY = "1,2";
			};
			name = Debug;
		};
		24E83D991BE286C3003303B3 /* Release */ = {
			isa = XCBuildConfiguration;
			buildSettings = {
				ALWAYS_SEARCH_USER_PATHS = NO;
				CLANG_CXX_LANGUAGE_STANDARD = "gnu++0x";
				CLANG_CXX_LIBRARY = "libc++";
				CLANG_ENABLE_MODULES = YES;
				CLANG_ENABLE_OBJC_ARC = YES;
				CLANG_WARN_BOOL_CONVERSION = YES;
				CLANG_WARN_CONSTANT_CONVERSION = YES;
				CLANG_WARN_DIRECT_OBJC_ISA_USAGE = YES_ERROR;
				CLANG_WARN_EMPTY_BODY = YES;
				CLANG_WARN_ENUM_CONVERSION = YES;
				CLANG_WARN_INT_CONVERSION = YES;
				CLANG_WARN_OBJC_ROOT_CLASS = YES_ERROR;
				CLANG_WARN_UNREACHABLE_CODE = YES;
				CLANG_WARN__DUPLICATE_METHOD_MATCH = YES;
				"CODE_SIGN_IDENTITY[sdk=iphoneos*]" = "iPhone Developer";
				COPY_PHASE_STRIP = NO;
				DEBUG_INFORMATION_FORMAT = "dwarf-with-dsym";
				ENABLE_NS_ASSERTIONS = NO;
				ENABLE_STRICT_OBJC_MSGSEND = YES;
				GCC_C_LANGUAGE_STANDARD = gnu99;
				GCC_NO_COMMON_BLOCKS = YES;
				GCC_WARN_64_TO_32_BIT_CONVERSION = YES;
				GCC_WARN_ABOUT_RETURN_TYPE = YES_ERROR;
				GCC_WARN_UNDECLARED_SELECTOR = YES;
				GCC_WARN_UNINITIALIZED_AUTOS = YES_AGGRESSIVE;
				GCC_WARN_UNUSED_FUNCTION = YES;
				GCC_WARN_UNUSED_VARIABLE = YES;
				IPHONEOS_DEPLOYMENT_TARGET = 9.1;
				MTL_ENABLE_DEBUG_INFO = NO;
				SDKROOT = iphoneos;
				TARGETED_DEVICE_FAMILY = "1,2";
				VALIDATE_PRODUCT = YES;
			};
			name = Release;
		};
		24E83D9B1BE286C3003303B3 /* Debug */ = {
			isa = XCBuildConfiguration;
			buildSettings = {
				ASSETCATALOG_COMPILER_APPICON_NAME = AppIcon;
				INFOPLIST_FILE = SwiftMovieSearch/Info.plist;
				LD_RUNPATH_SEARCH_PATHS = "$(inherited) @executable_path/Frameworks";
				PRODUCT_BUNDLE_IDENTIFIER = com.SkyTan.SwiftMovieSearch;
				PRODUCT_NAME = "$(TARGET_NAME)";
			};
			name = Debug;
		};
		24E83D9C1BE286C3003303B3 /* Release */ = {
			isa = XCBuildConfiguration;
			buildSettings = {
				ASSETCATALOG_COMPILER_APPICON_NAME = AppIcon;
				INFOPLIST_FILE = SwiftMovieSearch/Info.plist;
				LD_RUNPATH_SEARCH_PATHS = "$(inherited) @executable_path/Frameworks";
				PRODUCT_BUNDLE_IDENTIFIER = com.SkyTan.SwiftMovieSearch;
				PRODUCT_NAME = "$(TARGET_NAME)";
			};
			name = Release;
		};
/* End XCBuildConfiguration section */

/* Begin XCConfigurationList section */
		24E83D831BE286C3003303B3 /* Build configuration list for PBXProject "SwiftMovieSearch" */ = {
			isa = XCConfigurationList;
			buildConfigurations = (
				24E83D981BE286C3003303B3 /* Debug */,
				24E83D991BE286C3003303B3 /* Release */,
			);
			defaultConfigurationIsVisible = 0;
			defaultConfigurationName = Release;
		};
		24E83D9A1BE286C3003303B3 /* Build configuration list for PBXNativeTarget "SwiftMovieSearch" */ = {
			isa = XCConfigurationList;
			buildConfigurations = (
				24E83D9B1BE286C3003303B3 /* Debug */,
				24E83D9C1BE286C3003303B3 /* Release */,
			);
			defaultConfigurationIsVisible = 0;
			defaultConfigurationName = Release;
		};
/* End XCConfigurationList section */
	};
	rootObject = 24E83D801BE286C3003303B3 /* Project object */;
}
